{
    "dama/doctrine-test-bundle": {
        "version": "4.0",
        "recipe": {
            "repo": "github.com/symfony/recipes-contrib",
            "branch": "master",
            "version": "4.0",
            "ref": "56eaa387b5e48ebcc7c95a893b47dfa1ad51449c"
        },
        "files": [
            "./config/packages/test/dama_doctrine_test_bundle.yaml"
        ]
    },
    "myclabs/deep-copy": {
        "version": "1.10.1"
    },
    "phar-io/manifest": {
        "version": "1.0.3"
    },
    "phar-io/version": {
        "version": "2.0.1"
    },
    "php": {
        "version": "7.4"
    },
    "phpspec/prophecy": {
        "version": "1.11.1"
    },
    "phpunit/php-code-coverage": {
        "version": "6.1.4"
    },
    "phpunit/php-file-iterator": {
        "version": "2.0.2"
    },
    "phpunit/php-text-template": {
        "version": "1.2.1"
    },
    "phpunit/php-timer": {
        "version": "2.1.2"
    },
    "phpunit/php-token-stream": {
        "version": "3.1.1"
    },
    "phpunit/phpunit": {
        "version": "4.7",
        "recipe": {
            "repo": "github.com/symfony/recipes",
            "branch": "master",
            "version": "4.7",
            "ref": "00fdb38c318774cd39f475a753028a5e8d25d47c"
        },
        "files": [
            "./.env.test",
            "./phpunit.xml.dist",
            "./tests/bootstrap.php"
        ]
    },
    "sebastian/code-unit-reverse-lookup": {
        "version": "1.0.1"
    },
    "sebastian/comparator": {
        "version": "3.0.2"
    },
    "sebastian/diff": {
        "version": "3.0.2"
    },
    "sebastian/environment": {
        "version": "4.2.3"
    },
    "sebastian/exporter": {
        "version": "3.1.2"
    },
    "sebastian/global-state": {
        "version": "2.0.0"
    },
    "sebastian/object-enumerator": {
        "version": "3.0.3"
    },
    "sebastian/object-reflector": {
        "version": "1.1.1"
    },
    "sebastian/recursion-context": {
        "version": "3.0.0"
    },
    "sebastian/resource-operations": {
        "version": "2.0.1"
    },
    "sebastian/version": {
        "version": "2.0.1"
    },
    "theseer/tokenizer": {
        "version": "1.2.0"
    }
}
